
Microsoft Visual Studio Solution File, Format Version 12.00
# Visual Studio Version 17
VisualStudioVersion = 17.13.35825.156 d17.13
MinimumVisualStudioVersion = 10.0.40219.1
Project("{FAE04EC0-301F-11D3-BF4B-00C04F79EFBC}") = "Magazin_de_haine", "Magazin_de_haine.csproj", "{AE1561C5-40A0-4817-857D-50CD5137C316}"
EndProject
Global
	GlobalSection(SolutionConfigurationPlatforms) = preSolution
		Debug|Any CPU = Debug|Any CPU
		Release|Any CPU = Release|Any CPU
	EndGlobalSection
	GlobalSection(ProjectConfigurationPlatforms) = postSolution
		{AE1561C5-40A0-4817-857D-50CD5137C316}.Debug|Any CPU.ActiveCfg = Debug|Any CPU
		{AE1561C5-40A0-4817-857D-50CD5137C316}.Debug|Any CPU.Build.0 = Debug|Any CPU
		{AE1561C5-40A0-4817-857D-50CD5137C316}.Release|Any CPU.ActiveCfg = Release|Any CPU
		{AE1561C5-40A0-4817-857D-50CD5137C316}.Release|Any CPU.Build.0 = Release|Any CPU
	EndGlobalSection
	GlobalSection(SolutionProperties) = preSolution
		HideSolutionNode = FALSE
	EndGlobalSection
	GlobalSection(ExtensibilityGlobals) = postSolution
		SolutionGuid = {73D968C5-BAE2-4E14-A65A-BB2AC8F12569}
	EndGlobalSection
EndGlobal
